
Microsoft Visual Studio Solution File, Format Version 12.00
# Visual Studio Version 17
VisualStudioVersion = 17.14.36414.22 d17.14
MinimumVisualStudioVersion = 10.0.40219.1
Project("{FAE04EC0-301F-11D3-BF4B-00C04F79EFBC}") = "SynthesisSequenceGenerator", "SynthesisSequenceGenerator.csproj", "{B8FB4EC8-BBE5-40B9-B6A7-6CBF0FB5D127}"
EndProject
Global
	GlobalSection(SolutionConfigurationPlatforms) = preSolution
		Debug|Any CPU = Debug|Any CPU
		Release|Any CPU = Release|Any CPU
	EndGlobalSection
	GlobalSection(ProjectConfigurationPlatforms) = postSolution
		{B8FB4EC8-BBE5-40B9-B6A7-6CBF0FB5D127}.Debug|Any CPU.ActiveCfg = Debug|Any CPU
		{B8FB4EC8-BBE5-40B9-B6A7-6CBF0FB5D127}.Debug|Any CPU.Build.0 = Debug|Any CPU
		{B8FB4EC8-BBE5-40B9-B6A7-6CBF0FB5D127}.Release|Any CPU.ActiveCfg = Release|Any CPU
		{B8FB4EC8-BBE5-40B9-B6A7-6CBF0FB5D127}.Release|Any CPU.Build.0 = Release|Any CPU
	EndGlobalSection
	GlobalSection(SolutionProperties) = preSolution
		HideSolutionNode = FALSE
	EndGlobalSection
	GlobalSection(ExtensibilityGlobals) = postSolution
		SolutionGuid = {C192D125-D70F-4692-9326-B64B5B995632}
	EndGlobalSection
EndGlobal
